
Microsoft Visual Studio Solution File, Format Version 12.00
# Visual Studio Version 16
VisualStudioVersion = 16.0.31105.61
MinimumVisualStudioVersion = 10.0.40219.1
Project("{FAE04EC0-301F-11D3-BF4B-00C04F79EFBC}") = "Hello Word", "Hello Word\Hello Word.csproj", "{C74D215F-94F1-4788-8C38-69682EBC7DB3}"
EndProject
Global
	GlobalSection(SolutionConfigurationPlatforms) = preSolution
		Debug|Any CPU = Debug|Any CPU
		Release|Any CPU = Release|Any CPU
	EndGlobalSection
	GlobalSection(ProjectConfigurationPlatforms) = postSolution
		{C74D215F-94F1-4788-8C38-69682EBC7DB3}.Debug|Any CPU.ActiveCfg = Debug|Any CPU
		{C74D215F-94F1-4788-8C38-69682EBC7DB3}.Debug|Any CPU.Build.0 = Debug|Any CPU
		{C74D215F-94F1-4788-8C38-69682EBC7DB3}.Release|Any CPU.ActiveCfg = Release|Any CPU
		{C74D215F-94F1-4788-8C38-69682EBC7DB3}.Release|Any CPU.Build.0 = Release|Any CPU
	EndGlobalSection
	GlobalSection(SolutionProperties) = preSolution
		HideSolutionNode = FALSE
	EndGlobalSection
	GlobalSection(ExtensibilityGlobals) = postSolution
		SolutionGuid = {D31C4FC3-0E88-4341-8281-37A4FF41C90D}
	EndGlobalSection
EndGlobal
